
Microsoft Visual Studio Solution File, Format Version 12.00
# Visual Studio Version 17
VisualStudioVersion = 17.11.35312.102
MinimumVisualStudioVersion = 10.0.40219.1
Project("{FAE04EC0-301F-11D3-BF4B-00C04F79EFBC}") = "StaticMethodsDemo_Sec3", "StaticMethodsDemo_Sec3.csproj", "{A7CDF433-CB3E-464A-86BB-AAF4A509114B}"
EndProject
Global
	GlobalSection(SolutionConfigurationPlatforms) = preSolution
		Debug|Any CPU = Debug|Any CPU
		Release|Any CPU = Release|Any CPU
	EndGlobalSection
	GlobalSection(ProjectConfigurationPlatforms) = postSolution
		{A7CDF433-CB3E-464A-86BB-AAF4A509114B}.Debug|Any CPU.ActiveCfg = Debug|Any CPU
		{A7CDF433-CB3E-464A-86BB-AAF4A509114B}.Debug|Any CPU.Build.0 = Debug|Any CPU
		{A7CDF433-CB3E-464A-86BB-AAF4A509114B}.Release|Any CPU.ActiveCfg = Release|Any CPU
		{A7CDF433-CB3E-464A-86BB-AAF4A509114B}.Release|Any CPU.Build.0 = Release|Any CPU
	EndGlobalSection
	GlobalSection(SolutionProperties) = preSolution
		HideSolutionNode = FALSE
	EndGlobalSection
	GlobalSection(ExtensibilityGlobals) = postSolution
		SolutionGuid = {E0696EA6-C27A-44A0-AF69-01154EE84140}
	EndGlobalSection
EndGlobal
