
Microsoft Visual Studio Solution File, Format Version 12.00
# Visual Studio Version 16
VisualStudioVersion = 16.0.31402.337
MinimumVisualStudioVersion = 10.0.40219.1
Project("{FAE04EC0-301F-11D3-BF4B-00C04F79EFBC}") = "ExceptionsDemo", "ExceptionsDemo.csproj", "{D423C353-73B0-4182-A71B-F548573A1278}"
EndProject
Global
	GlobalSection(SolutionConfigurationPlatforms) = preSolution
		Debug|Any CPU = Debug|Any CPU
		Release|Any CPU = Release|Any CPU
	EndGlobalSection
	GlobalSection(ProjectConfigurationPlatforms) = postSolution
		{D423C353-73B0-4182-A71B-F548573A1278}.Debug|Any CPU.ActiveCfg = Debug|Any CPU
		{D423C353-73B0-4182-A71B-F548573A1278}.Debug|Any CPU.Build.0 = Debug|Any CPU
		{D423C353-73B0-4182-A71B-F548573A1278}.Release|Any CPU.ActiveCfg = Release|Any CPU
		{D423C353-73B0-4182-A71B-F548573A1278}.Release|Any CPU.Build.0 = Release|Any CPU
	EndGlobalSection
	GlobalSection(SolutionProperties) = preSolution
		HideSolutionNode = FALSE
	EndGlobalSection
	GlobalSection(ExtensibilityGlobals) = postSolution
		SolutionGuid = {983B02F3-C2C3-4C2F-BF37-D739C643EB09}
	EndGlobalSection
EndGlobal
