
Microsoft Visual Studio Solution File, Format Version 12.00
# Visual Studio Version 17
VisualStudioVersion = 17.11.35312.102
MinimumVisualStudioVersion = 10.0.40219.1
Project("{FAE04EC0-301F-11D3-BF4B-00C04F79EFBC}") = "ClassMethods_Warmup", "ClassMethods_Warmup.csproj", "{AE378368-7207-47EF-83E3-C68CD6934D38}"
EndProject
Global
	GlobalSection(SolutionConfigurationPlatforms) = preSolution
		Debug|Any CPU = Debug|Any CPU
		Release|Any CPU = Release|Any CPU
	EndGlobalSection
	GlobalSection(ProjectConfigurationPlatforms) = postSolution
		{AE378368-7207-47EF-83E3-C68CD6934D38}.Debug|Any CPU.ActiveCfg = Debug|Any CPU
		{AE378368-7207-47EF-83E3-C68CD6934D38}.Debug|Any CPU.Build.0 = Debug|Any CPU
		{AE378368-7207-47EF-83E3-C68CD6934D38}.Release|Any CPU.ActiveCfg = Release|Any CPU
		{AE378368-7207-47EF-83E3-C68CD6934D38}.Release|Any CPU.Build.0 = Release|Any CPU
	EndGlobalSection
	GlobalSection(SolutionProperties) = preSolution
		HideSolutionNode = FALSE
	EndGlobalSection
	GlobalSection(ExtensibilityGlobals) = postSolution
		SolutionGuid = {0350F79B-645C-4975-806D-07DBEBF8C988}
	EndGlobalSection
EndGlobal
