
Microsoft Visual Studio Solution File, Format Version 12.00
# Visual Studio Version 16
VisualStudioVersion = 16.0.31402.337
MinimumVisualStudioVersion = 10.0.40219.1
Project("{FAE04EC0-301F-11D3-BF4B-00C04F79EFBC}") = "Sec7_Abstract_Demo", "Sec7_Abstract_Demo.csproj", "{6F5B5579-E5CB-4CBC-B5C7-FACE1F76B516}"
EndProject
Global
	GlobalSection(SolutionConfigurationPlatforms) = preSolution
		Debug|Any CPU = Debug|Any CPU
		Release|Any CPU = Release|Any CPU
	EndGlobalSection
	GlobalSection(ProjectConfigurationPlatforms) = postSolution
		{6F5B5579-E5CB-4CBC-B5C7-FACE1F76B516}.Debug|Any CPU.ActiveCfg = Debug|Any CPU
		{6F5B5579-E5CB-4CBC-B5C7-FACE1F76B516}.Debug|Any CPU.Build.0 = Debug|Any CPU
		{6F5B5579-E5CB-4CBC-B5C7-FACE1F76B516}.Release|Any CPU.ActiveCfg = Release|Any CPU
		{6F5B5579-E5CB-4CBC-B5C7-FACE1F76B516}.Release|Any CPU.Build.0 = Release|Any CPU
	EndGlobalSection
	GlobalSection(SolutionProperties) = preSolution
		HideSolutionNode = FALSE
	EndGlobalSection
	GlobalSection(ExtensibilityGlobals) = postSolution
		SolutionGuid = {0E8BCB4E-8FCD-413A-AB26-FE425C4BDF61}
	EndGlobalSection
EndGlobal
