
Microsoft Visual Studio Solution File, Format Version 12.00
# Visual Studio Version 16
VisualStudioVersion = 16.0.31402.337
MinimumVisualStudioVersion = 10.0.40219.1
Project("{FAE04EC0-301F-11D3-BF4B-00C04F79EFBC}") = "Sec7_InheritanceDemo", "Sec7_InheritanceDemo.csproj", "{5B7E98F6-7A58-4068-8906-F1B7198F68EE}"
EndProject
Global
	GlobalSection(SolutionConfigurationPlatforms) = preSolution
		Debug|Any CPU = Debug|Any CPU
		Release|Any CPU = Release|Any CPU
	EndGlobalSection
	GlobalSection(ProjectConfigurationPlatforms) = postSolution
		{5B7E98F6-7A58-4068-8906-F1B7198F68EE}.Debug|Any CPU.ActiveCfg = Debug|Any CPU
		{5B7E98F6-7A58-4068-8906-F1B7198F68EE}.Debug|Any CPU.Build.0 = Debug|Any CPU
		{5B7E98F6-7A58-4068-8906-F1B7198F68EE}.Release|Any CPU.ActiveCfg = Release|Any CPU
		{5B7E98F6-7A58-4068-8906-F1B7198F68EE}.Release|Any CPU.Build.0 = Release|Any CPU
	EndGlobalSection
	GlobalSection(SolutionProperties) = preSolution
		HideSolutionNode = FALSE
	EndGlobalSection
	GlobalSection(ExtensibilityGlobals) = postSolution
		SolutionGuid = {6C1F92C6-FEF1-4A67-9E9E-DB638F408A48}
	EndGlobalSection
EndGlobal
