
Microsoft Visual Studio Solution File, Format Version 12.00
# Visual Studio Version 17
VisualStudioVersion = 17.11.35222.181
MinimumVisualStudioVersion = 10.0.40219.1
Project("{FAE04EC0-301F-11D3-BF4B-00C04F79EFBC}") = "VariablesDemo", "VariablesDemo.csproj", "{001A0D01-721C-4884-A492-59DEA6CD9C93}"
EndProject
Global
	GlobalSection(SolutionConfigurationPlatforms) = preSolution
		Debug|Any CPU = Debug|Any CPU
		Release|Any CPU = Release|Any CPU
	EndGlobalSection
	GlobalSection(ProjectConfigurationPlatforms) = postSolution
		{001A0D01-721C-4884-A492-59DEA6CD9C93}.Debug|Any CPU.ActiveCfg = Debug|Any CPU
		{001A0D01-721C-4884-A492-59DEA6CD9C93}.Debug|Any CPU.Build.0 = Debug|Any CPU
		{001A0D01-721C-4884-A492-59DEA6CD9C93}.Release|Any CPU.ActiveCfg = Release|Any CPU
		{001A0D01-721C-4884-A492-59DEA6CD9C93}.Release|Any CPU.Build.0 = Release|Any CPU
	EndGlobalSection
	GlobalSection(SolutionProperties) = preSolution
		HideSolutionNode = FALSE
	EndGlobalSection
	GlobalSection(ExtensibilityGlobals) = postSolution
		SolutionGuid = {6508F0D8-8C8B-42B7-B793-CD3246F7A0F2}
	EndGlobalSection
EndGlobal
