
Microsoft Visual Studio Solution File, Format Version 12.00
# Visual Studio Version 17
VisualStudioVersion = 17.3.32819.101
MinimumVisualStudioVersion = 10.0.40219.1
Project("{FAE04EC0-301F-11D3-BF4B-00C04F79EFBC}") = "Day3Demo", "Day3Demo.csproj", "{D0FAA29A-8C04-404A-80F5-015D1B7D1BD9}"
EndProject
Global
	GlobalSection(SolutionConfigurationPlatforms) = preSolution
		Debug|Any CPU = Debug|Any CPU
		Release|Any CPU = Release|Any CPU
	EndGlobalSection
	GlobalSection(ProjectConfigurationPlatforms) = postSolution
		{D0FAA29A-8C04-404A-80F5-015D1B7D1BD9}.Debug|Any CPU.ActiveCfg = Debug|Any CPU
		{D0FAA29A-8C04-404A-80F5-015D1B7D1BD9}.Debug|Any CPU.Build.0 = Debug|Any CPU
		{D0FAA29A-8C04-404A-80F5-015D1B7D1BD9}.Release|Any CPU.ActiveCfg = Release|Any CPU
		{D0FAA29A-8C04-404A-80F5-015D1B7D1BD9}.Release|Any CPU.Build.0 = Release|Any CPU
	EndGlobalSection
	GlobalSection(SolutionProperties) = preSolution
		HideSolutionNode = FALSE
	EndGlobalSection
	GlobalSection(ExtensibilityGlobals) = postSolution
		SolutionGuid = {02FEDE3A-63D8-4A86-9C7C-AC24B4A534DF}
	EndGlobalSection
EndGlobal
