
Microsoft Visual Studio Solution File, Format Version 12.00
# Visual Studio Version 17
VisualStudioVersion = 17.11.35312.102
MinimumVisualStudioVersion = 10.0.40219.1
Project("{FAE04EC0-301F-11D3-BF4B-00C04F79EFBC}") = "ForLoops_Demo", "ForLoops_Demo.csproj", "{E7084D17-1861-4B00-8DE4-A14475864248}"
EndProject
Global
	GlobalSection(SolutionConfigurationPlatforms) = preSolution
		Debug|Any CPU = Debug|Any CPU
		Release|Any CPU = Release|Any CPU
	EndGlobalSection
	GlobalSection(ProjectConfigurationPlatforms) = postSolution
		{E7084D17-1861-4B00-8DE4-A14475864248}.Debug|Any CPU.ActiveCfg = Debug|Any CPU
		{E7084D17-1861-4B00-8DE4-A14475864248}.Debug|Any CPU.Build.0 = Debug|Any CPU
		{E7084D17-1861-4B00-8DE4-A14475864248}.Release|Any CPU.ActiveCfg = Release|Any CPU
		{E7084D17-1861-4B00-8DE4-A14475864248}.Release|Any CPU.Build.0 = Release|Any CPU
	EndGlobalSection
	GlobalSection(SolutionProperties) = preSolution
		HideSolutionNode = FALSE
	EndGlobalSection
	GlobalSection(ExtensibilityGlobals) = postSolution
		SolutionGuid = {F2E90070-6B0B-432F-AC93-CABC067C2A71}
	EndGlobalSection
EndGlobal
