
Microsoft Visual Studio Solution File, Format Version 12.00
# Visual Studio Version 17
VisualStudioVersion = 17.11.35222.181
MinimumVisualStudioVersion = 10.0.40219.1
Project("{FAE04EC0-301F-11D3-BF4B-00C04F79EFBC}") = "ConsoleApp1", "ConsoleApp1.csproj", "{53757DA8-4D89-4D04-A8BA-865B6EA31F27}"
EndProject
Global
	GlobalSection(SolutionConfigurationPlatforms) = preSolution
		Debug|Any CPU = Debug|Any CPU
		Release|Any CPU = Release|Any CPU
	EndGlobalSection
	GlobalSection(ProjectConfigurationPlatforms) = postSolution
		{53757DA8-4D89-4D04-A8BA-865B6EA31F27}.Debug|Any CPU.ActiveCfg = Debug|Any CPU
		{53757DA8-4D89-4D04-A8BA-865B6EA31F27}.Debug|Any CPU.Build.0 = Debug|Any CPU
		{53757DA8-4D89-4D04-A8BA-865B6EA31F27}.Release|Any CPU.ActiveCfg = Release|Any CPU
		{53757DA8-4D89-4D04-A8BA-865B6EA31F27}.Release|Any CPU.Build.0 = Release|Any CPU
	EndGlobalSection
	GlobalSection(SolutionProperties) = preSolution
		HideSolutionNode = FALSE
	EndGlobalSection
	GlobalSection(ExtensibilityGlobals) = postSolution
		SolutionGuid = {A158A1B0-9DAF-4162-B013-FB9023D6496B}
	EndGlobalSection
EndGlobal
