
Microsoft Visual Studio Solution File, Format Version 12.00
# Visual Studio Version 17
VisualStudioVersion = 17.11.35312.102
MinimumVisualStudioVersion = 10.0.40219.1
Project("{FAE04EC0-301F-11D3-BF4B-00C04F79EFBC}") = "ForBreakContinue_Demo", "ForBreakContinue_Demo.csproj", "{FFAB9C17-D500-4573-A9D3-F4EC9AFA56D3}"
EndProject
Global
	GlobalSection(SolutionConfigurationPlatforms) = preSolution
		Debug|Any CPU = Debug|Any CPU
		Release|Any CPU = Release|Any CPU
	EndGlobalSection
	GlobalSection(ProjectConfigurationPlatforms) = postSolution
		{FFAB9C17-D500-4573-A9D3-F4EC9AFA56D3}.Debug|Any CPU.ActiveCfg = Debug|Any CPU
		{FFAB9C17-D500-4573-A9D3-F4EC9AFA56D3}.Debug|Any CPU.Build.0 = Debug|Any CPU
		{FFAB9C17-D500-4573-A9D3-F4EC9AFA56D3}.Release|Any CPU.ActiveCfg = Release|Any CPU
		{FFAB9C17-D500-4573-A9D3-F4EC9AFA56D3}.Release|Any CPU.Build.0 = Release|Any CPU
	EndGlobalSection
	GlobalSection(SolutionProperties) = preSolution
		HideSolutionNode = FALSE
	EndGlobalSection
	GlobalSection(ExtensibilityGlobals) = postSolution
		SolutionGuid = {A37E0E0F-7D30-434C-B302-547948DEBFD1}
	EndGlobalSection
EndGlobal
