
Microsoft Visual Studio Solution File, Format Version 12.00
# Visual Studio Version 17
VisualStudioVersion = 17.3.32819.101
MinimumVisualStudioVersion = 10.0.40219.1
Project("{FAE04EC0-301F-11D3-BF4B-00C04F79EFBC}") = "PropertyListsPractice", "PropertyListsPractice.csproj", "{530CACF8-9AD3-4128-B5F6-9296FBE8C3A1}"
EndProject
Global
	GlobalSection(SolutionConfigurationPlatforms) = preSolution
		Debug|Any CPU = Debug|Any CPU
		Release|Any CPU = Release|Any CPU
	EndGlobalSection
	GlobalSection(ProjectConfigurationPlatforms) = postSolution
		{530CACF8-9AD3-4128-B5F6-9296FBE8C3A1}.Debug|Any CPU.ActiveCfg = Debug|Any CPU
		{530CACF8-9AD3-4128-B5F6-9296FBE8C3A1}.Debug|Any CPU.Build.0 = Debug|Any CPU
		{530CACF8-9AD3-4128-B5F6-9296FBE8C3A1}.Release|Any CPU.ActiveCfg = Release|Any CPU
		{530CACF8-9AD3-4128-B5F6-9296FBE8C3A1}.Release|Any CPU.Build.0 = Release|Any CPU
	EndGlobalSection
	GlobalSection(SolutionProperties) = preSolution
		HideSolutionNode = FALSE
	EndGlobalSection
	GlobalSection(ExtensibilityGlobals) = postSolution
		SolutionGuid = {AB68015E-2F8E-4180-936F-86E9658F3A36}
	EndGlobalSection
EndGlobal
