
Microsoft Visual Studio Solution File, Format Version 12.00
# Visual Studio Version 17
VisualStudioVersion = 17.11.35312.102
MinimumVisualStudioVersion = 10.0.40219.1
Project("{FAE04EC0-301F-11D3-BF4B-00C04F79EFBC}") = "StaticMethods_ArrayAlgorithms_Demo", "StaticMethods_ArrayAlgorithms_Demo.csproj", "{018AC870-C68F-432C-8CC2-D73F15166CC6}"
EndProject
Global
	GlobalSection(SolutionConfigurationPlatforms) = preSolution
		Debug|Any CPU = Debug|Any CPU
		Release|Any CPU = Release|Any CPU
	EndGlobalSection
	GlobalSection(ProjectConfigurationPlatforms) = postSolution
		{018AC870-C68F-432C-8CC2-D73F15166CC6}.Debug|Any CPU.ActiveCfg = Debug|Any CPU
		{018AC870-C68F-432C-8CC2-D73F15166CC6}.Debug|Any CPU.Build.0 = Debug|Any CPU
		{018AC870-C68F-432C-8CC2-D73F15166CC6}.Release|Any CPU.ActiveCfg = Release|Any CPU
		{018AC870-C68F-432C-8CC2-D73F15166CC6}.Release|Any CPU.Build.0 = Release|Any CPU
	EndGlobalSection
	GlobalSection(SolutionProperties) = preSolution
		HideSolutionNode = FALSE
	EndGlobalSection
	GlobalSection(ExtensibilityGlobals) = postSolution
		SolutionGuid = {22574905-C59D-49F8-86DB-AA20AB13BC46}
	EndGlobalSection
EndGlobal
