
Microsoft Visual Studio Solution File, Format Version 12.00
# Visual Studio Version 16
VisualStudioVersion = 16.0.31402.337
MinimumVisualStudioVersion = 10.0.40219.1
Project("{FAE04EC0-301F-11D3-BF4B-00C04F79EFBC}") = "Sec7_ValueReferenceRandom_Demo", "Sec7_ValueReferenceRandom_Demo.csproj", "{ABAE944A-6698-4D43-98D3-08CF34DD39F2}"
EndProject
Global
	GlobalSection(SolutionConfigurationPlatforms) = preSolution
		Debug|Any CPU = Debug|Any CPU
		Release|Any CPU = Release|Any CPU
	EndGlobalSection
	GlobalSection(ProjectConfigurationPlatforms) = postSolution
		{ABAE944A-6698-4D43-98D3-08CF34DD39F2}.Debug|Any CPU.ActiveCfg = Debug|Any CPU
		{ABAE944A-6698-4D43-98D3-08CF34DD39F2}.Debug|Any CPU.Build.0 = Debug|Any CPU
		{ABAE944A-6698-4D43-98D3-08CF34DD39F2}.Release|Any CPU.ActiveCfg = Release|Any CPU
		{ABAE944A-6698-4D43-98D3-08CF34DD39F2}.Release|Any CPU.Build.0 = Release|Any CPU
	EndGlobalSection
	GlobalSection(SolutionProperties) = preSolution
		HideSolutionNode = FALSE
	EndGlobalSection
	GlobalSection(ExtensibilityGlobals) = postSolution
		SolutionGuid = {FA1EAD9F-7F9A-44B5-8141-2ED2C7D5F3E0}
	EndGlobalSection
EndGlobal
