
Microsoft Visual Studio Solution File, Format Version 12.00
# Visual Studio Version 16
VisualStudioVersion = 16.0.31402.337
MinimumVisualStudioVersion = 10.0.40219.1
Project("{FAE04EC0-301F-11D3-BF4B-00C04F79EFBC}") = "ListDemo_PrimitiveData", "ListDemo_PrimitiveData.csproj", "{C52A65B4-3200-46DD-802D-C56CB059DFF2}"
EndProject
Global
	GlobalSection(SolutionConfigurationPlatforms) = preSolution
		Debug|Any CPU = Debug|Any CPU
		Release|Any CPU = Release|Any CPU
	EndGlobalSection
	GlobalSection(ProjectConfigurationPlatforms) = postSolution
		{C52A65B4-3200-46DD-802D-C56CB059DFF2}.Debug|Any CPU.ActiveCfg = Debug|Any CPU
		{C52A65B4-3200-46DD-802D-C56CB059DFF2}.Debug|Any CPU.Build.0 = Debug|Any CPU
		{C52A65B4-3200-46DD-802D-C56CB059DFF2}.Release|Any CPU.ActiveCfg = Release|Any CPU
		{C52A65B4-3200-46DD-802D-C56CB059DFF2}.Release|Any CPU.Build.0 = Release|Any CPU
	EndGlobalSection
	GlobalSection(SolutionProperties) = preSolution
		HideSolutionNode = FALSE
	EndGlobalSection
	GlobalSection(ExtensibilityGlobals) = postSolution
		SolutionGuid = {E37A522A-7044-4C9F-9466-249C4B698212}
	EndGlobalSection
EndGlobal
